
Microsoft Visual Studio Solution File, Format Version 12.00
# Visual Studio Version 16
VisualStudioVersion = 16.0.31702.278
MinimumVisualStudioVersion = 10.0.40219.1
Project("{FAE04EC0-301F-11D3-BF4B-00C04F79EFBC}") = "ChatDemo.BackEnd.WebApi", "ChatDemo.BackEnd.WebApi\ChatDemo.BackEnd.WebApi.csproj", "{96FEA915-5420-4C9C-B992-947F15DF8F4A}"
EndProject
Global
	GlobalSection(SolutionConfigurationPlatforms) = preSolution
		Debug|Any CPU = Debug|Any CPU
		Release|Any CPU = Release|Any CPU
	EndGlobalSection
	GlobalSection(ProjectConfigurationPlatforms) = postSolution
		{96FEA915-5420-4C9C-B992-947F15DF8F4A}.Debug|Any CPU.ActiveCfg = Debug|Any CPU
		{96FEA915-5420-4C9C-B992-947F15DF8F4A}.Debug|Any CPU.Build.0 = Debug|Any CPU
		{96FEA915-5420-4C9C-B992-947F15DF8F4A}.Release|Any CPU.ActiveCfg = Release|Any CPU
		{96FEA915-5420-4C9C-B992-947F15DF8F4A}.Release|Any CPU.Build.0 = Release|Any CPU
	EndGlobalSection
	GlobalSection(SolutionProperties) = preSolution
		HideSolutionNode = FALSE
	EndGlobalSection
	GlobalSection(ExtensibilityGlobals) = postSolution
		SolutionGuid = {019A3D25-6F8B-41B8-ADE6-D85B2883642A}
	EndGlobalSection
EndGlobal
